
Microsoft Visual Studio Solution File, Format Version 12.00
# Visual Studio 15
VisualStudioVersion = 15.0.28307.271
MinimumVisualStudioVersion = 10.0.40219.1
Project("{FAE04EC0-301F-11D3-BF4B-00C04F79EFBC}") = "ConsoleUI", "ConsoleUI\ConsoleUI.csproj", "{5671B400-E168-44DE-9121-49D68FA3D8A5}"
EndProject
Project("{FAE04EC0-301F-11D3-BF4B-00C04F79EFBC}") = "ITALibrary", "ITALibrary\ITALibrary.csproj", "{01825409-028A-4E11-AE88-E02DC40CD3E3}"
EndProject
Global
	GlobalSection(SolutionConfigurationPlatforms) = preSolution
		Debug|x64 = Debug|x64
		Debug|x86 = Debug|x86
		Release|x64 = Release|x64
		Release|x86 = Release|x86
	EndGlobalSection
	GlobalSection(ProjectConfigurationPlatforms) = postSolution
		{5671B400-E168-44DE-9121-49D68FA3D8A5}.Debug|x64.ActiveCfg = Debug|x64
		{5671B400-E168-44DE-9121-49D68FA3D8A5}.Debug|x64.Build.0 = Debug|x64
		{5671B400-E168-44DE-9121-49D68FA3D8A5}.Debug|x86.ActiveCfg = Debug|x86
		{5671B400-E168-44DE-9121-49D68FA3D8A5}.Debug|x86.Build.0 = Debug|x86
		{5671B400-E168-44DE-9121-49D68FA3D8A5}.Release|x64.ActiveCfg = Release|x64
		{5671B400-E168-44DE-9121-49D68FA3D8A5}.Release|x64.Build.0 = Release|x64
		{5671B400-E168-44DE-9121-49D68FA3D8A5}.Release|x86.ActiveCfg = Release|x86
		{5671B400-E168-44DE-9121-49D68FA3D8A5}.Release|x86.Build.0 = Release|x86
		{01825409-028A-4E11-AE88-E02DC40CD3E3}.Debug|x64.ActiveCfg = Debug|x64
		{01825409-028A-4E11-AE88-E02DC40CD3E3}.Debug|x64.Build.0 = Debug|x64
		{01825409-028A-4E11-AE88-E02DC40CD3E3}.Debug|x86.ActiveCfg = Debug|x86
		{01825409-028A-4E11-AE88-E02DC40CD3E3}.Debug|x86.Build.0 = Debug|x86
		{01825409-028A-4E11-AE88-E02DC40CD3E3}.Release|x64.ActiveCfg = Release|x64
		{01825409-028A-4E11-AE88-E02DC40CD3E3}.Release|x64.Build.0 = Release|x64
		{01825409-028A-4E11-AE88-E02DC40CD3E3}.Release|x86.ActiveCfg = Release|x86
		{01825409-028A-4E11-AE88-E02DC40CD3E3}.Release|x86.Build.0 = Release|x86
	EndGlobalSection
	GlobalSection(SolutionProperties) = preSolution
		HideSolutionNode = FALSE
	EndGlobalSection
	GlobalSection(ExtensibilityGlobals) = postSolution
		SolutionGuid = {940628ED-2ADF-4848-84C7-4033637A95DB}
	EndGlobalSection
EndGlobal
